# This file is generated by running "yarn install" inside your project.
# Manual changes might be lost - proceed with caution!

__metadata:
  version: 6
  cacheKey: 8

"@types/http-cache-semantics@npm:^4.0.1":
  version: 4.0.1
  resolution: "@types/http-cache-semantics@npm:4.0.1"
  checksum: 1048aacf627829f0d5f00184e16548205cd9f964bf0841c29b36bc504509230c40bc57c39778703a1c965a6f5b416ae2cbf4c1d4589c889d2838dd9dbfccf6e9
  languageName: node
  linkType: hard

"@types/node@npm:*":
  version: 20.3.1
  resolution: "@types/node@npm:20.3.1"
  checksum: 63a393ab6d947be17320817b35d7277ef03728e231558166ed07ee30b09fd7c08861be4d746f10fdc63ca7912e8cd023939d4eab887ff6580ff704ff24ed810c
  languageName: node
  linkType: hard

"@types/yauzl@npm:^2.10.0":
  version: 2.10.0
  resolution: "@types/yauzl@npm:2.10.0"
  dependencies:
    "@types/node": "*"
  checksum: 55d27ae5d346ea260e40121675c24e112ef0247649073848e5d4e03182713ae4ec8142b98f61a1c6cbe7d3b72fa99bbadb65d8b01873e5e605cdc30f1ff70ef2
  languageName: node
  linkType: hard

"@xmcl/asm@npm:1.0.1":
  version: 1.0.1
  resolution: "@xmcl/asm@npm:1.0.1"
  checksum: 12743dd1a9d5a23b8286541c9fb68c107f47a2607572d0d10eca176909bc48941eedf88c254d27cc9a80b24812cb51cdb2d726f5b998eb8a79d3f46d718ecda7
  languageName: node
  linkType: hard

"@xmcl/core@npm:2.12.0, @xmcl/core@npm:^2.12.0":
  version: 2.12.0
  resolution: "@xmcl/core@npm:2.12.0"
  dependencies:
    "@xmcl/unzip": 2.1.2
  checksum: bc7ba03aa73a1de7fa39f001d4c1396742aefb08d8efd940ca4c8b34ef2bf5f8fe15ab9c1978c7d05ee028ab199d2cc5a8035f15c48bb5830d20b2c9ab27c1f6
  languageName: node
  linkType: hard

"@xmcl/file-transfer@npm:1.0.3":
  version: 1.0.3
  resolution: "@xmcl/file-transfer@npm:1.0.3"
  dependencies:
    "@types/http-cache-semantics": ^4.0.1
    http-cache-semantics: ^4.1.1
    undici: ^5.21.2
  checksum: 3728b973c3e0bca036d521d9680e30a02280a07b0d32ae7e583fa5a7be47f6216a09e04687dc0b86190b030b531f9f3c15de3f7ce9a57a289093ffa6321e24a4
  languageName: node
  linkType: hard

"@xmcl/forge-site-parser@npm:2.0.9":
  version: 2.0.9
  resolution: "@xmcl/forge-site-parser@npm:2.0.9"
  dependencies:
    node-html-parser: ^6.1.5
  checksum: 7f08cba0e71cd8f80919de77c87c0de11644a28f7114b38c418f3c9dcf35ea6daa5a32173ba2050ed842c2d98adced18edf10edf9c56e13cade73c355ba708e0
  languageName: node
  linkType: hard

"@xmcl/installer@npm:^5.1.0":
  version: 5.1.0
  resolution: "@xmcl/installer@npm:5.1.0"
  dependencies:
    "@xmcl/asm": 1.0.1
    "@xmcl/core": 2.12.0
    "@xmcl/file-transfer": 1.0.3
    "@xmcl/forge-site-parser": 2.0.9
    "@xmcl/task": 4.0.6
    "@xmcl/unzip": 2.1.2
    undici: ^5.21.2
    yauzl: ^2.10.0
  checksum: b125943502b9088580a1d2bc0734968ad8d9d93f71ff198c00e882165d7034880e1cad15f923f322c19ca9fa938f004a62b9270b17963917e28f62d78c7926b1
  languageName: node
  linkType: hard

"@xmcl/system@npm:^2.2.6":
  version: 2.2.6
  resolution: "@xmcl/system@npm:2.2.6"
  dependencies:
    "@xmcl/unzip": 2.1.2
    jszip: ^3.10.1
  checksum: 2c0bc553dd06ab9fb65120578888521b5a42d440ab8302fa50b98d89efc703f003b6d2d37970adcca2e22c20235ed17591a360080d4d59b1ae1e9dccc4c20341
  languageName: node
  linkType: hard

"@xmcl/task@npm:4.0.6":
  version: 4.0.6
  resolution: "@xmcl/task@npm:4.0.6"
  checksum: b2f4c50bcfc4cbf9e436052cdc2e41be2413f229e4f6bd441891a53eb841625bfff57e28e2a56442f6393c6aceb6e96c1ea4793d1cd68a28ad30013411baeff6
  languageName: node
  linkType: hard

"@xmcl/unzip@npm:2.1.2":
  version: 2.1.2
  resolution: "@xmcl/unzip@npm:2.1.2"
  dependencies:
    "@types/yauzl": ^2.10.0
    yauzl: ^2.10.0
  peerDependencies:
    yauzl: ^2.10.0
  checksum: 6f6077b4e993dcf84f86676156cc532370b2d6508f5d806bbd8282545069803cd2d8291cb928e026bbea42d66ee212cae801d383baf49ff45c88ce4c5f0f1108
  languageName: node
  linkType: hard

"boolbase@npm:^1.0.0":
  version: 1.0.0
  resolution: "boolbase@npm:1.0.0"
  checksum: 3e25c80ef626c3a3487c73dbfc70ac322ec830666c9ad915d11b701142fab25ec1e63eff2c450c74347acfd2de854ccde865cd79ef4db1683f7c7b046ea43bb0
  languageName: node
  linkType: hard

"buffer-crc32@npm:~0.2.3":
  version: 0.2.13
  resolution: "buffer-crc32@npm:0.2.13"
  checksum: 06252347ae6daca3453b94e4b2f1d3754a3b146a111d81c68924c22d91889a40623264e95e67955b1cb4a68cbedf317abeabb5140a9766ed248973096db5ce1c
  languageName: node
  linkType: hard

"busboy@npm:^1.6.0":
  version: 1.6.0
  resolution: "busboy@npm:1.6.0"
  dependencies:
    streamsearch: ^1.1.0
  checksum: 32801e2c0164e12106bf236291a00795c3c4e4b709ae02132883fe8478ba2ae23743b11c5735a0aae8afe65ac4b6ca4568b91f0d9fed1fdbc32ede824a73746e
  languageName: node
  linkType: hard

"core-util-is@npm:~1.0.0":
  version: 1.0.3
  resolution: "core-util-is@npm:1.0.3"
  checksum: 9de8597363a8e9b9952491ebe18167e3b36e7707569eed0ebf14f8bba773611376466ae34575bca8cfe3c767890c859c74056084738f09d4e4a6f902b2ad7d99
  languageName: node
  linkType: hard

"css-select@npm:^5.1.0":
  version: 5.1.0
  resolution: "css-select@npm:5.1.0"
  dependencies:
    boolbase: ^1.0.0
    css-what: ^6.1.0
    domhandler: ^5.0.2
    domutils: ^3.0.1
    nth-check: ^2.0.1
  checksum: 2772c049b188d3b8a8159907192e926e11824aea525b8282981f72ba3f349cf9ecd523fdf7734875ee2cb772246c22117fc062da105b6d59afe8dcd5c99c9bda
  languageName: node
  linkType: hard

"css-what@npm:^6.1.0":
  version: 6.1.0
  resolution: "css-what@npm:6.1.0"
  checksum: b975e547e1e90b79625918f84e67db5d33d896e6de846c9b584094e529f0c63e2ab85ee33b9daffd05bff3a146a1916bec664e18bb76dd5f66cbff9fc13b2bbe
  languageName: node
  linkType: hard

"data-uri-to-buffer@npm:^4.0.0":
  version: 4.0.1
  resolution: "data-uri-to-buffer@npm:4.0.1"
  checksum: 0d0790b67ffec5302f204c2ccca4494f70b4e2d940fea3d36b09f0bb2b8539c2e86690429eb1f1dc4bcc9e4df0644193073e63d9ee48ac9fce79ec1506e4aa4c
  languageName: node
  linkType: hard

"dom-serializer@npm:^2.0.0":
  version: 2.0.0
  resolution: "dom-serializer@npm:2.0.0"
  dependencies:
    domelementtype: ^2.3.0
    domhandler: ^5.0.2
    entities: ^4.2.0
  checksum: cd1810544fd8cdfbd51fa2c0c1128ec3a13ba92f14e61b7650b5de421b88205fd2e3f0cc6ace82f13334114addb90ed1c2f23074a51770a8e9c1273acbc7f3e6
  languageName: node
  linkType: hard

"domelementtype@npm:^2.3.0":
  version: 2.3.0
  resolution: "domelementtype@npm:2.3.0"
  checksum: ee837a318ff702622f383409d1f5b25dd1024b692ef64d3096ff702e26339f8e345820f29a68bcdcea8cfee3531776b3382651232fbeae95612d6f0a75efb4f6
  languageName: node
  linkType: hard

"domhandler@npm:^5.0.2, domhandler@npm:^5.0.3":
  version: 5.0.3
  resolution: "domhandler@npm:5.0.3"
  dependencies:
    domelementtype: ^2.3.0
  checksum: 0f58f4a6af63e6f3a4320aa446d28b5790a009018707bce2859dcb1d21144c7876482b5188395a188dfa974238c019e0a1e610d2fc269a12b2c192ea2b0b131c
  languageName: node
  linkType: hard

"domutils@npm:^3.0.1":
  version: 3.1.0
  resolution: "domutils@npm:3.1.0"
  dependencies:
    dom-serializer: ^2.0.0
    domelementtype: ^2.3.0
    domhandler: ^5.0.3
  checksum: e5757456ddd173caa411cfc02c2bb64133c65546d2c4081381a3bafc8a57411a41eed70494551aa58030be9e58574fcc489828bebd673863d39924fb4878f416
  languageName: node
  linkType: hard

"entities@npm:^4.2.0":
  version: 4.5.0
  resolution: "entities@npm:4.5.0"
  checksum: 853f8ebd5b425d350bffa97dd6958143179a5938352ccae092c62d1267c4e392a039be1bae7d51b6e4ffad25f51f9617531fedf5237f15df302ccfb452cbf2d7
  languageName: node
  linkType: hard

"fd-slicer@npm:~1.1.0":
  version: 1.1.0
  resolution: "fd-slicer@npm:1.1.0"
  dependencies:
    pend: ~1.2.0
  checksum: c8585fd5713f4476eb8261150900d2cb7f6ff2d87f8feb306ccc8a1122efd152f1783bdb2b8dc891395744583436bfd8081d8e63ece0ec8687eeefea394d4ff2
  languageName: node
  linkType: hard

"fetch-blob@npm:^3.1.2, fetch-blob@npm:^3.1.4":
  version: 3.2.0
  resolution: "fetch-blob@npm:3.2.0"
  dependencies:
    node-domexception: ^1.0.0
    web-streams-polyfill: ^3.0.3
  checksum: f19bc28a2a0b9626e69fd7cf3a05798706db7f6c7548da657cbf5026a570945f5eeaedff52007ea35c8bcd3d237c58a20bf1543bc568ab2422411d762dd3d5bf
  languageName: node
  linkType: hard

"formdata-polyfill@npm:^4.0.10":
  version: 4.0.10
  resolution: "formdata-polyfill@npm:4.0.10"
  dependencies:
    fetch-blob: ^3.1.2
  checksum: 82a34df292afadd82b43d4a740ce387bc08541e0a534358425193017bf9fb3567875dc5f69564984b1da979979b70703aa73dee715a17b6c229752ae736dd9db
  languageName: node
  linkType: hard

"fs-extra@npm:^11.1.1":
  version: 11.1.1
  resolution: "fs-extra@npm:11.1.1"
  dependencies:
    graceful-fs: ^4.2.0
    jsonfile: ^6.0.1
    universalify: ^2.0.0
  checksum: fb883c68245b2d777fbc1f2082c9efb084eaa2bbf9fddaa366130d196c03608eebef7fb490541276429ee1ca99f317e2d73e96f5ca0999eefedf5a624ae1edfd
  languageName: node
  linkType: hard

"graceful-fs@npm:^4.1.6, graceful-fs@npm:^4.2.0":
  version: 4.2.11
  resolution: "graceful-fs@npm:4.2.11"
  checksum: ac85f94da92d8eb6b7f5a8b20ce65e43d66761c55ce85ac96df6865308390da45a8d3f0296dd3a663de65d30ba497bd46c696cc1e248c72b13d6d567138a4fc7
  languageName: node
  linkType: hard

"he@npm:1.2.0":
  version: 1.2.0
  resolution: "he@npm:1.2.0"
  bin:
    he: bin/he
  checksum: 3d4d6babccccd79c5c5a3f929a68af33360d6445587d628087f39a965079d84f18ce9c3d3f917ee1e3978916fc833bb8b29377c3b403f919426f91bc6965e7a7
  languageName: node
  linkType: hard

"http-cache-semantics@npm:^4.1.1":
  version: 4.1.1
  resolution: "http-cache-semantics@npm:4.1.1"
  checksum: 83ac0bc60b17a3a36f9953e7be55e5c8f41acc61b22583060e8dedc9dd5e3607c823a88d0926f9150e571f90946835c7fe150732801010845c72cd8bbff1a236
  languageName: node
  linkType: hard

"immediate@npm:~3.0.5":
  version: 3.0.6
  resolution: "immediate@npm:3.0.6"
  checksum: f9b3486477555997657f70318cc8d3416159f208bec4cca3ff3442fd266bc23f50f0c9bd8547e1371a6b5e82b821ec9a7044a4f7b944798b25aa3cc6d5e63e62
  languageName: node
  linkType: hard

"inherits@npm:~2.0.3":
  version: 2.0.4
  resolution: "inherits@npm:2.0.4"
  checksum: 4a48a733847879d6cf6691860a6b1e3f0f4754176e4d71494c41f3475553768b10f84b5ce1d40fbd0e34e6bfbb864ee35858ad4dd2cf31e02fc4a154b724d7f1
  languageName: node
  linkType: hard

"isarray@npm:~1.0.0":
  version: 1.0.0
  resolution: "isarray@npm:1.0.0"
  checksum: f032df8e02dce8ec565cf2eb605ea939bdccea528dbcf565cdf92bfa2da9110461159d86a537388ef1acef8815a330642d7885b29010e8f7eac967c9993b65ab
  languageName: node
  linkType: hard

"jsonfile@npm:^6.0.1":
  version: 6.1.0
  resolution: "jsonfile@npm:6.1.0"
  dependencies:
    graceful-fs: ^4.1.6
    universalify: ^2.0.0
  dependenciesMeta:
    graceful-fs:
      optional: true
  checksum: 7af3b8e1ac8fe7f1eccc6263c6ca14e1966fcbc74b618d3c78a0a2075579487547b94f72b7a1114e844a1e15bb00d440e5d1720bfc4612d790a6f285d5ea8354
  languageName: node
  linkType: hard

"jszip@npm:^3.10.1":
  version: 3.10.1
  resolution: "jszip@npm:3.10.1"
  dependencies:
    lie: ~3.3.0
    pako: ~1.0.2
    readable-stream: ~2.3.6
    setimmediate: ^1.0.5
  checksum: abc77bfbe33e691d4d1ac9c74c8851b5761fba6a6986630864f98d876f3fcc2d36817dfc183779f32c00157b5d53a016796677298272a714ae096dfe6b1c8b60
  languageName: node
  linkType: hard

"lie@npm:~3.3.0":
  version: 3.3.0
  resolution: "lie@npm:3.3.0"
  dependencies:
    immediate: ~3.0.5
  checksum: 33102302cf19766f97919a6a98d481e01393288b17a6aa1f030a3542031df42736edde8dab29ffdbf90bebeffc48c761eb1d064dc77592ca3ba3556f9fe6d2a8
  languageName: node
  linkType: hard

"modpack_building_tools@workspace:.":
  version: 0.0.0-use.local
  resolution: "modpack_building_tools@workspace:."
  dependencies:
    "@xmcl/core": ^2.12.0
    "@xmcl/installer": ^5.1.0
    "@xmcl/system": ^2.2.6
    fs-extra: ^11.1.1
    node-fetch: ^3.3.1
  languageName: unknown
  linkType: soft

"node-domexception@npm:^1.0.0":
  version: 1.0.0
  resolution: "node-domexception@npm:1.0.0"
  checksum: ee1d37dd2a4eb26a8a92cd6b64dfc29caec72bff5e1ed9aba80c294f57a31ba4895a60fd48347cf17dd6e766da0ae87d75657dfd1f384ebfa60462c2283f5c7f
  languageName: node
  linkType: hard

"node-fetch@npm:^3.3.1":
  version: 3.3.1
  resolution: "node-fetch@npm:3.3.1"
  dependencies:
    data-uri-to-buffer: ^4.0.0
    fetch-blob: ^3.1.4
    formdata-polyfill: ^4.0.10
  checksum: 62145fd3ba4770a76110bc31fdc0054ab2f5442b5ce96e9c4b39fc9e94a3d305560eec76e1165d9259eab866e02a8eecf9301062bb5dfc9f08a4d08b69d223dd
  languageName: node
  linkType: hard

"node-html-parser@npm:^6.1.5":
  version: 6.1.5
  resolution: "node-html-parser@npm:6.1.5"
  dependencies:
    css-select: ^5.1.0
    he: 1.2.0
  checksum: b54257b31954be17d473c86a2fede53d5e238708f3d88577c98881c28ab66013fd37044903f6f3cd662b56d882681fb511bca75a80a80b62f7111b32b39eebae
  languageName: node
  linkType: hard

"nth-check@npm:^2.0.1":
  version: 2.1.1
  resolution: "nth-check@npm:2.1.1"
  dependencies:
    boolbase: ^1.0.0
  checksum: 5afc3dafcd1573b08877ca8e6148c52abd565f1d06b1eb08caf982e3fa289a82f2cae697ffb55b5021e146d60443f1590a5d6b944844e944714a5b549675bcd3
  languageName: node
  linkType: hard

"pako@npm:~1.0.2":
  version: 1.0.11
  resolution: "pako@npm:1.0.11"
  checksum: 1be2bfa1f807608c7538afa15d6f25baa523c30ec870a3228a89579e474a4d992f4293859524e46d5d87fd30fa17c5edf34dbef0671251d9749820b488660b16
  languageName: node
  linkType: hard

"pend@npm:~1.2.0":
  version: 1.2.0
  resolution: "pend@npm:1.2.0"
  checksum: 6c72f5243303d9c60bd98e6446ba7d30ae29e3d56fdb6fae8767e8ba6386f33ee284c97efe3230a0d0217e2b1723b8ab490b1bbf34fcbb2180dbc8a9de47850d
  languageName: node
  linkType: hard

"process-nextick-args@npm:~2.0.0":
  version: 2.0.1
  resolution: "process-nextick-args@npm:2.0.1"
  checksum: 1d38588e520dab7cea67cbbe2efdd86a10cc7a074c09657635e34f035277b59fbb57d09d8638346bf7090f8e8ebc070c96fa5fd183b777fff4f5edff5e9466cf
  languageName: node
  linkType: hard

"readable-stream@npm:~2.3.6":
  version: 2.3.8
  resolution: "readable-stream@npm:2.3.8"
  dependencies:
    core-util-is: ~1.0.0
    inherits: ~2.0.3
    isarray: ~1.0.0
    process-nextick-args: ~2.0.0
    safe-buffer: ~5.1.1
    string_decoder: ~1.1.1
    util-deprecate: ~1.0.1
  checksum: 65645467038704f0c8aaf026a72fbb588a9e2ef7a75cd57a01702ee9db1c4a1e4b03aaad36861a6a0926546a74d174149c8c207527963e0c2d3eee2f37678a42
  languageName: node
  linkType: hard

"safe-buffer@npm:~5.1.0, safe-buffer@npm:~5.1.1":
  version: 5.1.2
  resolution: "safe-buffer@npm:5.1.2"
  checksum: f2f1f7943ca44a594893a852894055cf619c1fbcb611237fc39e461ae751187e7baf4dc391a72125e0ac4fb2d8c5c0b3c71529622e6a58f46b960211e704903c
  languageName: node
  linkType: hard

"setimmediate@npm:^1.0.5":
  version: 1.0.5
  resolution: "setimmediate@npm:1.0.5"
  checksum: c9a6f2c5b51a2dabdc0247db9c46460152ffc62ee139f3157440bd48e7c59425093f42719ac1d7931f054f153e2d26cf37dfeb8da17a794a58198a2705e527fd
  languageName: node
  linkType: hard

"streamsearch@npm:^1.1.0":
  version: 1.1.0
  resolution: "streamsearch@npm:1.1.0"
  checksum: 1cce16cea8405d7a233d32ca5e00a00169cc0e19fbc02aa839959985f267335d435c07f96e5e0edd0eadc6d39c98d5435fb5bbbdefc62c41834eadc5622ad942
  languageName: node
  linkType: hard

"string_decoder@npm:~1.1.1":
  version: 1.1.1
  resolution: "string_decoder@npm:1.1.1"
  dependencies:
    safe-buffer: ~5.1.0
  checksum: 9ab7e56f9d60a28f2be697419917c50cac19f3e8e6c28ef26ed5f4852289fe0de5d6997d29becf59028556f2c62983790c1d9ba1e2a3cc401768ca12d5183a5b
  languageName: node
  linkType: hard

"undici@npm:^5.21.2":
  version: 5.22.1
  resolution: "undici@npm:5.22.1"
  dependencies:
    busboy: ^1.6.0
  checksum: 048a3365f622be44fb319316cedfaa241c59cf7f3368ae7667a12323447e1822e8cc3d00f6956c852d1478a6fde1cbbe753f49e05f2fdaed229693e716ebaf35
  languageName: node
  linkType: hard

"universalify@npm:^2.0.0":
  version: 2.0.0
  resolution: "universalify@npm:2.0.0"
  checksum: 2406a4edf4a8830aa6813278bab1f953a8e40f2f63a37873ffa9a3bc8f9745d06cc8e88f3572cb899b7e509013f7f6fcc3e37e8a6d914167a5381d8440518c44
  languageName: node
  linkType: hard

"util-deprecate@npm:~1.0.1":
  version: 1.0.2
  resolution: "util-deprecate@npm:1.0.2"
  checksum: 474acf1146cb2701fe3b074892217553dfcf9a031280919ba1b8d651a068c9b15d863b7303cb15bd00a862b498e6cf4ad7b4a08fb134edd5a6f7641681cb54a2
  languageName: node
  linkType: hard

"web-streams-polyfill@npm:^3.0.3":
  version: 3.2.1
  resolution: "web-streams-polyfill@npm:3.2.1"
  checksum: b119c78574b6d65935e35098c2afdcd752b84268e18746606af149e3c424e15621b6f1ff0b42b2676dc012fc4f0d313f964b41a4b5031e525faa03997457da02
  languageName: node
  linkType: hard

"yauzl@npm:^2.10.0":
  version: 2.10.0
  resolution: "yauzl@npm:2.10.0"
  dependencies:
    buffer-crc32: ~0.2.3
    fd-slicer: ~1.1.0
  checksum: 7f21fe0bbad6e2cb130044a5d1d0d5a0e5bf3d8d4f8c4e6ee12163ce798fee3de7388d22a7a0907f563ac5f9d40f8699a223d3d5c1718da90b0156da6904022b
  languageName: node
  linkType: hard
